
Microsoft Visual Studio Solution File, Format Version 12.00
# Visual Studio Version 16
VisualStudioVersion = 16.0.29806.167
MinimumVisualStudioVersion = 10.0.40219.1
Project("{9A19103F-16F7-4668-BE54-9A1E7A4F7556}") = "Mall.Application", "Mall.Application\Mall.Application.csproj", "{D7BB6020-EEDB-498E-A24C-56178878E43E}"
EndProject
Project("{2150E333-8FDC-42A3-9474-1A3956D46DE8}") = "Interface", "Interface", "{DB45FA4F-F235-41E9-B74C-938E3ED8398C}"
EndProject
Project("{2150E333-8FDC-42A3-9474-1A3956D46DE8}") = "Application", "Application", "{8D95A941-625B-44BE-8826-EC487B583134}"
EndProject
Project("{2150E333-8FDC-42A3-9474-1A3956D46DE8}") = "Domain", "Domain", "{B44FE9FB-1F0D-4663-BF94-1124BFEF125D}"
EndProject
Project("{2150E333-8FDC-42A3-9474-1A3956D46DE8}") = "Infrastructure", "Infrastructure", "{B91FE29B-68FE-44FB-A27C-4A7749FC0BDC}"
EndProject
Project("{9A19103F-16F7-4668-BE54-9A1E7A4F7556}") = "Mall.Utility", "Mall.Utility\Mall.Utility.csproj", "{8D1A6F75-4312-4EF2-8D95-B14E0B999A7F}"
EndProject
Project("{2150E333-8FDC-42A3-9474-1A3956D46DE8}") = "Test", "Test", "{76BF882A-7DFA-4F17-9FB2-FF7720BF7A94}"
EndProject
Project("{9A19103F-16F7-4668-BE54-9A1E7A4F7556}") = "Mall.UtilityTests", "Mall.UtilityTests\Mall.UtilityTests.csproj", "{94AE30A8-99D0-49C6-851A-DF66C2EAE38F}"
EndProject
Project("{9A19103F-16F7-4668-BE54-9A1E7A4F7556}") = "Mall.Interface", "Mall.Interface\Mall.Interface.csproj", "{DF1F7A88-6829-416F-BE86-4A648C19AEBE}"
EndProject
Project("{9A19103F-16F7-4668-BE54-9A1E7A4F7556}") = "Mall.ApplicationImpl", "Mall.ApplicationImpl\Mall.ApplicationImpl.csproj", "{87540FDB-9399-49BE-8700-50C75FFECCBA}"
EndProject
Project("{9A19103F-16F7-4668-BE54-9A1E7A4F7556}") = "Mall.Dto", "Mall.Dto\Mall.Dto.csproj", "{2F73CE52-DA81-4981-86AA-21ACA78B31AE}"
EndProject
Project("{9A19103F-16F7-4668-BE54-9A1E7A4F7556}") = "Mall.Assembler", "Mall.Assembler\Mall.Assembler.csproj", "{A34371F4-FEE6-48AE-9724-BF46F2A94FC2}"
EndProject
Project("{9A19103F-16F7-4668-BE54-9A1E7A4F7556}") = "Mall.Repository", "Mall.Repostitory\Mall.Repository.csproj", "{965E6644-A7B4-4213-B6C1-5F1C364C4D71}"
EndProject
Project("{9A19103F-16F7-4668-BE54-9A1E7A4F7556}") = "Mall.Persistent", "Mall.PersistentData\Mall.Persistent.csproj", "{DB5ACB07-B6ED-4B6E-B956-CF591FD383A7}"
EndProject
Project("{9A19103F-16F7-4668-BE54-9A1E7A4F7556}") = "Mall.Entity", "Mall.Entity\Mall.Entity.csproj", "{A1704640-469F-45FC-A90E-F207E3418D8D}"
EndProject
Project("{9A19103F-16F7-4668-BE54-9A1E7A4F7556}") = "Mall.Cache", "Mall.Cache\Mall.Cache.csproj", "{C98A8E4C-BEBF-483A-8C72-CCC442188C7C}"
EndProject
Project("{9A19103F-16F7-4668-BE54-9A1E7A4F7556}") = "Mall.CacheImpl", "Mall.CacheImpl\Mall.CacheImpl.csproj", "{8A093341-C3A1-4372-9ED1-2E3BDF5288A3}"
EndProject
Project("{9A19103F-16F7-4668-BE54-9A1E7A4F7556}") = "Mall.RespositoryImpl", "Mall.RespostitoryImpl\Mall.RespositoryImpl.csproj", "{42003A83-992A-4116-B099-8623BF35A6CF}"
EndProject
Project("{9A19103F-16F7-4668-BE54-9A1E7A4F7556}") = "Mall.Aggregate", "Mall.AggregateRoot\Mall.Aggregate.csproj", "{744255AB-38F2-4E59-94D6-37DEFC3BC9C0}"
EndProject
Project("{9A19103F-16F7-4668-BE54-9A1E7A4F7556}") = "Mall.PersistentImpl", "Mall.PersistentImpl\Mall.PersistentImpl.csproj", "{E6EDB5EA-2EB8-453E-B1A7-26D0FF936D05}"
EndProject
Project("{9A19103F-16F7-4668-BE54-9A1E7A4F7556}") = "Mall.AppConfig", "Mall.AppConfigurationImpl\Mall.AppConfig.csproj", "{478D7D2C-0EF6-47FE-A41E-8D4F287AA0AE}"
EndProject
Project("{FAE04EC0-301F-11D3-BF4B-00C04F79EFBC}") = "RobotMapper.UtilityTest", "RobotMapper.UtilityTest\RobotMapper.UtilityTest.csproj", "{229BDC8C-906F-4078-BB89-F482743C5493}"
EndProject
Global
	GlobalSection(SolutionConfigurationPlatforms) = preSolution
		Debug|Any CPU = Debug|Any CPU
		Release|Any CPU = Release|Any CPU
	EndGlobalSection
	GlobalSection(ProjectConfigurationPlatforms) = postSolution
		{D7BB6020-EEDB-498E-A24C-56178878E43E}.Debug|Any CPU.ActiveCfg = Debug|Any CPU
		{D7BB6020-EEDB-498E-A24C-56178878E43E}.Debug|Any CPU.Build.0 = Debug|Any CPU
		{D7BB6020-EEDB-498E-A24C-56178878E43E}.Release|Any CPU.ActiveCfg = Release|Any CPU
		{D7BB6020-EEDB-498E-A24C-56178878E43E}.Release|Any CPU.Build.0 = Release|Any CPU
		{8D1A6F75-4312-4EF2-8D95-B14E0B999A7F}.Debug|Any CPU.ActiveCfg = Debug|Any CPU
		{8D1A6F75-4312-4EF2-8D95-B14E0B999A7F}.Debug|Any CPU.Build.0 = Debug|Any CPU
		{8D1A6F75-4312-4EF2-8D95-B14E0B999A7F}.Release|Any CPU.ActiveCfg = Release|Any CPU
		{8D1A6F75-4312-4EF2-8D95-B14E0B999A7F}.Release|Any CPU.Build.0 = Release|Any CPU
		{94AE30A8-99D0-49C6-851A-DF66C2EAE38F}.Debug|Any CPU.ActiveCfg = Debug|Any CPU
		{94AE30A8-99D0-49C6-851A-DF66C2EAE38F}.Debug|Any CPU.Build.0 = Debug|Any CPU
		{94AE30A8-99D0-49C6-851A-DF66C2EAE38F}.Release|Any CPU.ActiveCfg = Release|Any CPU
		{94AE30A8-99D0-49C6-851A-DF66C2EAE38F}.Release|Any CPU.Build.0 = Release|Any CPU
		{DF1F7A88-6829-416F-BE86-4A648C19AEBE}.Debug|Any CPU.ActiveCfg = Debug|Any CPU
		{DF1F7A88-6829-416F-BE86-4A648C19AEBE}.Debug|Any CPU.Build.0 = Debug|Any CPU
		{DF1F7A88-6829-416F-BE86-4A648C19AEBE}.Release|Any CPU.ActiveCfg = Release|Any CPU
		{DF1F7A88-6829-416F-BE86-4A648C19AEBE}.Release|Any CPU.Build.0 = Release|Any CPU
		{87540FDB-9399-49BE-8700-50C75FFECCBA}.Debug|Any CPU.ActiveCfg = Debug|Any CPU
		{87540FDB-9399-49BE-8700-50C75FFECCBA}.Debug|Any CPU.Build.0 = Debug|Any CPU
		{87540FDB-9399-49BE-8700-50C75FFECCBA}.Release|Any CPU.ActiveCfg = Release|Any CPU
		{87540FDB-9399-49BE-8700-50C75FFECCBA}.Release|Any CPU.Build.0 = Release|Any CPU
		{2F73CE52-DA81-4981-86AA-21ACA78B31AE}.Debug|Any CPU.ActiveCfg = Debug|Any CPU
		{2F73CE52-DA81-4981-86AA-21ACA78B31AE}.Debug|Any CPU.Build.0 = Debug|Any CPU
		{2F73CE52-DA81-4981-86AA-21ACA78B31AE}.Release|Any CPU.ActiveCfg = Release|Any CPU
		{2F73CE52-DA81-4981-86AA-21ACA78B31AE}.Release|Any CPU.Build.0 = Release|Any CPU
		{A34371F4-FEE6-48AE-9724-BF46F2A94FC2}.Debug|Any CPU.ActiveCfg = Debug|Any CPU
		{A34371F4-FEE6-48AE-9724-BF46F2A94FC2}.Debug|Any CPU.Build.0 = Debug|Any CPU
		{A34371F4-FEE6-48AE-9724-BF46F2A94FC2}.Release|Any CPU.ActiveCfg = Release|Any CPU
		{A34371F4-FEE6-48AE-9724-BF46F2A94FC2}.Release|Any CPU.Build.0 = Release|Any CPU
		{965E6644-A7B4-4213-B6C1-5F1C364C4D71}.Debug|Any CPU.ActiveCfg = Debug|Any CPU
		{965E6644-A7B4-4213-B6C1-5F1C364C4D71}.Debug|Any CPU.Build.0 = Debug|Any CPU
		{965E6644-A7B4-4213-B6C1-5F1C364C4D71}.Release|Any CPU.ActiveCfg = Release|Any CPU
		{965E6644-A7B4-4213-B6C1-5F1C364C4D71}.Release|Any CPU.Build.0 = Release|Any CPU
		{DB5ACB07-B6ED-4B6E-B956-CF591FD383A7}.Debug|Any CPU.ActiveCfg = Debug|Any CPU
		{DB5ACB07-B6ED-4B6E-B956-CF591FD383A7}.Debug|Any CPU.Build.0 = Debug|Any CPU
		{DB5ACB07-B6ED-4B6E-B956-CF591FD383A7}.Release|Any CPU.ActiveCfg = Release|Any CPU
		{DB5ACB07-B6ED-4B6E-B956-CF591FD383A7}.Release|Any CPU.Build.0 = Release|Any CPU
		{A1704640-469F-45FC-A90E-F207E3418D8D}.Debug|Any CPU.ActiveCfg = Debug|Any CPU
		{A1704640-469F-45FC-A90E-F207E3418D8D}.Debug|Any CPU.Build.0 = Debug|Any CPU
		{A1704640-469F-45FC-A90E-F207E3418D8D}.Release|Any CPU.ActiveCfg = Release|Any CPU
		{A1704640-469F-45FC-A90E-F207E3418D8D}.Release|Any CPU.Build.0 = Release|Any CPU
		{C98A8E4C-BEBF-483A-8C72-CCC442188C7C}.Debug|Any CPU.ActiveCfg = Debug|Any CPU
		{C98A8E4C-BEBF-483A-8C72-CCC442188C7C}.Debug|Any CPU.Build.0 = Debug|Any CPU
		{C98A8E4C-BEBF-483A-8C72-CCC442188C7C}.Release|Any CPU.ActiveCfg = Release|Any CPU
		{C98A8E4C-BEBF-483A-8C72-CCC442188C7C}.Release|Any CPU.Build.0 = Release|Any CPU
		{8A093341-C3A1-4372-9ED1-2E3BDF5288A3}.Debug|Any CPU.ActiveCfg = Debug|Any CPU
		{8A093341-C3A1-4372-9ED1-2E3BDF5288A3}.Debug|Any CPU.Build.0 = Debug|Any CPU
		{8A093341-C3A1-4372-9ED1-2E3BDF5288A3}.Release|Any CPU.ActiveCfg = Release|Any CPU
		{8A093341-C3A1-4372-9ED1-2E3BDF5288A3}.Release|Any CPU.Build.0 = Release|Any CPU
		{42003A83-992A-4116-B099-8623BF35A6CF}.Debug|Any CPU.ActiveCfg = Debug|Any CPU
		{42003A83-992A-4116-B099-8623BF35A6CF}.Debug|Any CPU.Build.0 = Debug|Any CPU
		{42003A83-992A-4116-B099-8623BF35A6CF}.Release|Any CPU.ActiveCfg = Release|Any CPU
		{42003A83-992A-4116-B099-8623BF35A6CF}.Release|Any CPU.Build.0 = Release|Any CPU
		{744255AB-38F2-4E59-94D6-37DEFC3BC9C0}.Debug|Any CPU.ActiveCfg = Debug|Any CPU
		{744255AB-38F2-4E59-94D6-37DEFC3BC9C0}.Debug|Any CPU.Build.0 = Debug|Any CPU
		{744255AB-38F2-4E59-94D6-37DEFC3BC9C0}.Release|Any CPU.ActiveCfg = Release|Any CPU
		{744255AB-38F2-4E59-94D6-37DEFC3BC9C0}.Release|Any CPU.Build.0 = Release|Any CPU
		{E6EDB5EA-2EB8-453E-B1A7-26D0FF936D05}.Debug|Any CPU.ActiveCfg = Debug|Any CPU
		{E6EDB5EA-2EB8-453E-B1A7-26D0FF936D05}.Debug|Any CPU.Build.0 = Debug|Any CPU
		{E6EDB5EA-2EB8-453E-B1A7-26D0FF936D05}.Release|Any CPU.ActiveCfg = Release|Any CPU
		{E6EDB5EA-2EB8-453E-B1A7-26D0FF936D05}.Release|Any CPU.Build.0 = Release|Any CPU
		{478D7D2C-0EF6-47FE-A41E-8D4F287AA0AE}.Debug|Any CPU.ActiveCfg = Debug|Any CPU
		{478D7D2C-0EF6-47FE-A41E-8D4F287AA0AE}.Debug|Any CPU.Build.0 = Debug|Any CPU
		{478D7D2C-0EF6-47FE-A41E-8D4F287AA0AE}.Release|Any CPU.ActiveCfg = Release|Any CPU
		{478D7D2C-0EF6-47FE-A41E-8D4F287AA0AE}.Release|Any CPU.Build.0 = Release|Any CPU
		{229BDC8C-906F-4078-BB89-F482743C5493}.Debug|Any CPU.ActiveCfg = Debug|Any CPU
		{229BDC8C-906F-4078-BB89-F482743C5493}.Debug|Any CPU.Build.0 = Debug|Any CPU
		{229BDC8C-906F-4078-BB89-F482743C5493}.Release|Any CPU.ActiveCfg = Release|Any CPU
		{229BDC8C-906F-4078-BB89-F482743C5493}.Release|Any CPU.Build.0 = Release|Any CPU
	EndGlobalSection
	GlobalSection(SolutionProperties) = preSolution
		HideSolutionNode = FALSE
	EndGlobalSection
	GlobalSection(NestedProjects) = preSolution
		{D7BB6020-EEDB-498E-A24C-56178878E43E} = {8D95A941-625B-44BE-8826-EC487B583134}
		{8D1A6F75-4312-4EF2-8D95-B14E0B999A7F} = {B91FE29B-68FE-44FB-A27C-4A7749FC0BDC}
		{94AE30A8-99D0-49C6-851A-DF66C2EAE38F} = {76BF882A-7DFA-4F17-9FB2-FF7720BF7A94}
		{DF1F7A88-6829-416F-BE86-4A648C19AEBE} = {DB45FA4F-F235-41E9-B74C-938E3ED8398C}
		{87540FDB-9399-49BE-8700-50C75FFECCBA} = {8D95A941-625B-44BE-8826-EC487B583134}
		{2F73CE52-DA81-4981-86AA-21ACA78B31AE} = {DB45FA4F-F235-41E9-B74C-938E3ED8398C}
		{A34371F4-FEE6-48AE-9724-BF46F2A94FC2} = {8D95A941-625B-44BE-8826-EC487B583134}
		{965E6644-A7B4-4213-B6C1-5F1C364C4D71} = {B44FE9FB-1F0D-4663-BF94-1124BFEF125D}
		{DB5ACB07-B6ED-4B6E-B956-CF591FD383A7} = {B91FE29B-68FE-44FB-A27C-4A7749FC0BDC}
		{A1704640-469F-45FC-A90E-F207E3418D8D} = {B91FE29B-68FE-44FB-A27C-4A7749FC0BDC}
		{C98A8E4C-BEBF-483A-8C72-CCC442188C7C} = {B91FE29B-68FE-44FB-A27C-4A7749FC0BDC}
		{8A093341-C3A1-4372-9ED1-2E3BDF5288A3} = {B91FE29B-68FE-44FB-A27C-4A7749FC0BDC}
		{42003A83-992A-4116-B099-8623BF35A6CF} = {B44FE9FB-1F0D-4663-BF94-1124BFEF125D}
		{744255AB-38F2-4E59-94D6-37DEFC3BC9C0} = {B44FE9FB-1F0D-4663-BF94-1124BFEF125D}
		{E6EDB5EA-2EB8-453E-B1A7-26D0FF936D05} = {B91FE29B-68FE-44FB-A27C-4A7749FC0BDC}
		{478D7D2C-0EF6-47FE-A41E-8D4F287AA0AE} = {B91FE29B-68FE-44FB-A27C-4A7749FC0BDC}
		{229BDC8C-906F-4078-BB89-F482743C5493} = {76BF882A-7DFA-4F17-9FB2-FF7720BF7A94}
	EndGlobalSection
	GlobalSection(ExtensibilityGlobals) = postSolution
		SolutionGuid = {C0B81097-029B-4751-AA5F-0715D4E52373}
	EndGlobalSection
EndGlobal
