
Microsoft Visual Studio Solution File, Format Version 12.00
# Visual Studio Version 16
VisualStudioVersion = 16.0.29806.167
MinimumVisualStudioVersion = 10.0.40219.1
Project("{9A19103F-16F7-4668-BE54-9A1E7A4F7556}") = "gRPCServer", "gRPCServer\gRPCServer.csproj", "{26EBB4A5-F756-4F57-A8F9-8A29910DA597}"
EndProject
Project("{2150E333-8FDC-42A3-9474-1A3956D46DE8}") = "gRPC", "gRPC", "{EAD5810D-A86D-41B6-9B9D-E689113E3B83}"
EndProject
Project("{9A19103F-16F7-4668-BE54-9A1E7A4F7556}") = "gRPCClient", "gRPCClient\gRPCClient.csproj", "{4E45B3F2-6147-44A0-B0A0-3EFFFABD0013}"
EndProject
Project("{2150E333-8FDC-42A3-9474-1A3956D46DE8}") = "EFCore", "EFCore", "{22E42073-336F-4D31-8F39-D7381CA6B14C}"
EndProject
Project("{FAE04EC0-301F-11D3-BF4B-00C04F79EFBC}") = "EFConsole", "EFDemo\EFConsole.csproj", "{A88622DB-83BA-410F-BAF6-3A12D5408054}"
EndProject
Global
	GlobalSection(SolutionConfigurationPlatforms) = preSolution
		Debug|Any CPU = Debug|Any CPU
		Release|Any CPU = Release|Any CPU
	EndGlobalSection
	GlobalSection(ProjectConfigurationPlatforms) = postSolution
		{26EBB4A5-F756-4F57-A8F9-8A29910DA597}.Debug|Any CPU.ActiveCfg = Debug|Any CPU
		{26EBB4A5-F756-4F57-A8F9-8A29910DA597}.Debug|Any CPU.Build.0 = Debug|Any CPU
		{26EBB4A5-F756-4F57-A8F9-8A29910DA597}.Release|Any CPU.ActiveCfg = Release|Any CPU
		{26EBB4A5-F756-4F57-A8F9-8A29910DA597}.Release|Any CPU.Build.0 = Release|Any CPU
		{4E45B3F2-6147-44A0-B0A0-3EFFFABD0013}.Debug|Any CPU.ActiveCfg = Debug|Any CPU
		{4E45B3F2-6147-44A0-B0A0-3EFFFABD0013}.Debug|Any CPU.Build.0 = Debug|Any CPU
		{4E45B3F2-6147-44A0-B0A0-3EFFFABD0013}.Release|Any CPU.ActiveCfg = Release|Any CPU
		{4E45B3F2-6147-44A0-B0A0-3EFFFABD0013}.Release|Any CPU.Build.0 = Release|Any CPU
		{A88622DB-83BA-410F-BAF6-3A12D5408054}.Debug|Any CPU.ActiveCfg = Debug|Any CPU
		{A88622DB-83BA-410F-BAF6-3A12D5408054}.Debug|Any CPU.Build.0 = Debug|Any CPU
		{A88622DB-83BA-410F-BAF6-3A12D5408054}.Release|Any CPU.ActiveCfg = Release|Any CPU
		{A88622DB-83BA-410F-BAF6-3A12D5408054}.Release|Any CPU.Build.0 = Release|Any CPU
	EndGlobalSection
	GlobalSection(SolutionProperties) = preSolution
		HideSolutionNode = FALSE
	EndGlobalSection
	GlobalSection(NestedProjects) = preSolution
		{26EBB4A5-F756-4F57-A8F9-8A29910DA597} = {EAD5810D-A86D-41B6-9B9D-E689113E3B83}
		{4E45B3F2-6147-44A0-B0A0-3EFFFABD0013} = {EAD5810D-A86D-41B6-9B9D-E689113E3B83}
		{A88622DB-83BA-410F-BAF6-3A12D5408054} = {22E42073-336F-4D31-8F39-D7381CA6B14C}
	EndGlobalSection
	GlobalSection(ExtensibilityGlobals) = postSolution
		SolutionGuid = {5DAA99AC-53A7-403F-942F-8D4CF45B236B}
	EndGlobalSection
EndGlobal
